
Microsoft Visual Studio Solution File, Format Version 12.00
# Visual Studio Version 17
VisualStudioVersion = 17.5.33530.505
MinimumVisualStudioVersion = 10.0.40219.1
Project("{FAE04EC0-301F-11D3-BF4B-00C04F79EFBC}") = "UI", "MiEdificio\UI.csproj", "{EDEB09DC-5D9B-43C8-8DE7-DF00FFAAF6CC}"
	ProjectSection(ProjectDependencies) = postProject
		{15A78335-B82A-4698-A540-3403962F7858} = {15A78335-B82A-4698-A540-3403962F7858}
		{3DA51A14-49A5-453E-996D-0EF7D5C9B2D7} = {3DA51A14-49A5-453E-996D-0EF7D5C9B2D7}
		{43BC4D17-2CDE-41E4-B804-54CC95470838} = {43BC4D17-2CDE-41E4-B804-54CC95470838}
		{D6194111-5496-4949-B5E5-539521717CCC} = {D6194111-5496-4949-B5E5-539521717CCC}
	EndProjectSection
EndProject
Project("{FAE04EC0-301F-11D3-BF4B-00C04F79EFBC}") = "BE", "BE\BE.csproj", "{D6194111-5496-4949-B5E5-539521717CCC}"
	ProjectSection(ProjectDependencies) = postProject
		{43BC4D17-2CDE-41E4-B804-54CC95470838} = {43BC4D17-2CDE-41E4-B804-54CC95470838}
	EndProjectSection
EndProject
Project("{FAE04EC0-301F-11D3-BF4B-00C04F79EFBC}") = "BLL", "BLL\BLL.csproj", "{3DA51A14-49A5-453E-996D-0EF7D5C9B2D7}"
	ProjectSection(ProjectDependencies) = postProject
		{15A78335-B82A-4698-A540-3403962F7858} = {15A78335-B82A-4698-A540-3403962F7858}
		{43BC4D17-2CDE-41E4-B804-54CC95470838} = {43BC4D17-2CDE-41E4-B804-54CC95470838}
		{C43C7BD9-6E66-490C-A0DA-AA049739CDC4} = {C43C7BD9-6E66-490C-A0DA-AA049739CDC4}
		{D6194111-5496-4949-B5E5-539521717CCC} = {D6194111-5496-4949-B5E5-539521717CCC}
	EndProjectSection
EndProject
Project("{FAE04EC0-301F-11D3-BF4B-00C04F79EFBC}") = "DAL", "DAL\DAL.csproj", "{C43C7BD9-6E66-490C-A0DA-AA049739CDC4}"
	ProjectSection(ProjectDependencies) = postProject
		{15A78335-B82A-4698-A540-3403962F7858} = {15A78335-B82A-4698-A540-3403962F7858}
		{43BC4D17-2CDE-41E4-B804-54CC95470838} = {43BC4D17-2CDE-41E4-B804-54CC95470838}
		{D6194111-5496-4949-B5E5-539521717CCC} = {D6194111-5496-4949-B5E5-539521717CCC}
	EndProjectSection
EndProject
Project("{FAE04EC0-301F-11D3-BF4B-00C04F79EFBC}") = "Services", "Services\Services.csproj", "{15A78335-B82A-4698-A540-3403962F7858}"
	ProjectSection(ProjectDependencies) = postProject
		{43BC4D17-2CDE-41E4-B804-54CC95470838} = {43BC4D17-2CDE-41E4-B804-54CC95470838}
		{D6194111-5496-4949-B5E5-539521717CCC} = {D6194111-5496-4949-B5E5-539521717CCC}
	EndProjectSection
EndProject
Project("{FAE04EC0-301F-11D3-BF4B-00C04F79EFBC}") = "Interfaces", "Interfaces\Interfaces.csproj", "{43BC4D17-2CDE-41E4-B804-54CC95470838}"
EndProject
Global
	GlobalSection(SolutionConfigurationPlatforms) = preSolution
		Debug|Any CPU = Debug|Any CPU
		Release|Any CPU = Release|Any CPU
	EndGlobalSection
	GlobalSection(ProjectConfigurationPlatforms) = postSolution
		{EDEB09DC-5D9B-43C8-8DE7-DF00FFAAF6CC}.Debug|Any CPU.ActiveCfg = Debug|Any CPU
		{EDEB09DC-5D9B-43C8-8DE7-DF00FFAAF6CC}.Debug|Any CPU.Build.0 = Debug|Any CPU
		{EDEB09DC-5D9B-43C8-8DE7-DF00FFAAF6CC}.Release|Any CPU.ActiveCfg = Release|Any CPU
		{EDEB09DC-5D9B-43C8-8DE7-DF00FFAAF6CC}.Release|Any CPU.Build.0 = Release|Any CPU
		{D6194111-5496-4949-B5E5-539521717CCC}.Debug|Any CPU.ActiveCfg = Debug|Any CPU
		{D6194111-5496-4949-B5E5-539521717CCC}.Debug|Any CPU.Build.0 = Debug|Any CPU
		{D6194111-5496-4949-B5E5-539521717CCC}.Release|Any CPU.ActiveCfg = Release|Any CPU
		{D6194111-5496-4949-B5E5-539521717CCC}.Release|Any CPU.Build.0 = Release|Any CPU
		{3DA51A14-49A5-453E-996D-0EF7D5C9B2D7}.Debug|Any CPU.ActiveCfg = Debug|Any CPU
		{3DA51A14-49A5-453E-996D-0EF7D5C9B2D7}.Debug|Any CPU.Build.0 = Debug|Any CPU
		{3DA51A14-49A5-453E-996D-0EF7D5C9B2D7}.Release|Any CPU.ActiveCfg = Release|Any CPU
		{3DA51A14-49A5-453E-996D-0EF7D5C9B2D7}.Release|Any CPU.Build.0 = Release|Any CPU
		{C43C7BD9-6E66-490C-A0DA-AA049739CDC4}.Debug|Any CPU.ActiveCfg = Debug|Any CPU
		{C43C7BD9-6E66-490C-A0DA-AA049739CDC4}.Debug|Any CPU.Build.0 = Debug|Any CPU
		{C43C7BD9-6E66-490C-A0DA-AA049739CDC4}.Release|Any CPU.ActiveCfg = Release|Any CPU
		{C43C7BD9-6E66-490C-A0DA-AA049739CDC4}.Release|Any CPU.Build.0 = Release|Any CPU
		{15A78335-B82A-4698-A540-3403962F7858}.Debug|Any CPU.ActiveCfg = Debug|Any CPU
		{15A78335-B82A-4698-A540-3403962F7858}.Debug|Any CPU.Build.0 = Debug|Any CPU
		{15A78335-B82A-4698-A540-3403962F7858}.Release|Any CPU.ActiveCfg = Release|Any CPU
		{15A78335-B82A-4698-A540-3403962F7858}.Release|Any CPU.Build.0 = Release|Any CPU
		{43BC4D17-2CDE-41E4-B804-54CC95470838}.Debug|Any CPU.ActiveCfg = Debug|Any CPU
		{43BC4D17-2CDE-41E4-B804-54CC95470838}.Debug|Any CPU.Build.0 = Debug|Any CPU
		{43BC4D17-2CDE-41E4-B804-54CC95470838}.Release|Any CPU.ActiveCfg = Release|Any CPU
		{43BC4D17-2CDE-41E4-B804-54CC95470838}.Release|Any CPU.Build.0 = Release|Any CPU
	EndGlobalSection
	GlobalSection(SolutionProperties) = preSolution
		HideSolutionNode = FALSE
	EndGlobalSection
	GlobalSection(ExtensibilityGlobals) = postSolution
		SolutionGuid = {7E593037-2691-4C90-9F0E-8737A7AB0F09}
	EndGlobalSection
EndGlobal
